// !$*UTF8*$!
{
	archiveVersion = 1;
	classes = {
	};
	objectVersion = 55;
	objects = {

/* Begin PBXBuildFile section */
		747D49AC287FFA1C00C76253 /* TextCell.swift in Sources */ = {isa = PBXBuildFile; fileRef = 747D49AB287FFA1C00C76253 /* TextCell.swift */; };
		747D49AE287FFDDC00C76253 /* ImageViewController.swift in Sources */ = {isa = PBXBuildFile; fileRef = 747D49AD287FFDDC00C76253 /* ImageViewController.swift */; };
		747D49B22880489600C76253 /* TransitioningAnimator.swift in Sources */ = {isa = PBXBuildFile; fileRef = 747D49B12880489600C76253 /* TransitioningAnimator.swift */; };
		74994E6A287EE46C00D2F157 /* AppDelegate.swift in Sources */ = {isa = PBXBuildFile; fileRef = 74994E69287EE46C00D2F157 /* AppDelegate.swift */; };
		74994E6C287EE46C00D2F157 /* SceneDelegate.swift in Sources */ = {isa = PBXBuildFile; fileRef = 74994E6B287EE46C00D2F157 /* SceneDelegate.swift */; };
		74994E6E287EE46C00D2F157 /* ViewController.swift in Sources */ = {isa = PBXBuildFile; fileRef = 74994E6D287EE46C00D2F157 /* ViewController.swift */; };
		74994E71287EE46C00D2F157 /* Main.storyboard in Resources */ = {isa = PBXBuildFile; fileRef = 74994E6F287EE46C00D2F157 /* Main.storyboard */; };
		74994E73287EE46D00D2F157 /* Assets.xcassets in Resources */ = {isa = PBXBuildFile; fileRef = 74994E72287EE46D00D2F157 /* Assets.xcassets */; };
		74994E76287EE46D00D2F157 /* LaunchScreen.storyboard in Resources */ = {isa = PBXBuildFile; fileRef = 74994E74287EE46D00D2F157 /* LaunchScreen.storyboard */; };
/* End PBXBuildFile section */

/* Begin PBXFileReference section */
		747D49AB287FFA1C00C76253 /* TextCell.swift */ = {isa = PBXFileReference; lastKnownFileType = sourcecode.swift; path = TextCell.swift; sourceTree = "<group>"; };
		747D49AD287FFDDC00C76253 /* ImageViewController.swift */ = {isa = PBXFileReference; lastKnownFileType = sourcecode.swift; path = ImageViewController.swift; sourceTree = "<group>"; };
		747D49B12880489600C76253 /* TransitioningAnimator.swift */ = {isa = PBXFileReference; lastKnownFileType = sourcecode.swift; path = TransitioningAnimator.swift; sourceTree = "<group>"; };
		74994E66287EE46C00D2F157 /* TryAnimation.app */ = {isa = PBXFileReference; explicitFileType = wrapper.application; includeInIndex = 0; path = TryAnimation.app; sourceTree = BUILT_PRODUCTS_DIR; };
		74994E69287EE46C00D2F157 /* AppDelegate.swift */ = {isa = PBXFileReference; lastKnownFileType = sourcecode.swift; path = AppDelegate.swift; sourceTree = "<group>"; };
		74994E6B287EE46C00D2F157 /* SceneDelegate.swift */ = {isa = PBXFileReference; lastKnownFileType = sourcecode.swift; path = SceneDelegate.swift; sourceTree = "<group>"; };
		74994E6D287EE46C00D2F157 /* ViewController.swift */ = {isa = PBXFileReference; lastKnownFileType = sourcecode.swift; path = ViewController.swift; sourceTree = "<group>"; };
		74994E70287EE46C00D2F157 /* Base */ = {isa = PBXFileReference; lastKnownFileType = file.storyboard; name = Base; path = Base.lproj/Main.storyboard; sourceTree = "<group>"; };
		74994E72287EE46D00D2F157 /* Assets.xcassets */ = {isa = PBXFileReference; lastKnownFileType = folder.assetcatalog; path = Assets.xcassets; sourceTree = "<group>"; };
		74994E75287EE46D00D2F157 /* Base */ = {isa = PBXFileReference; lastKnownFileType = file.storyboard; name = Base; path = Base.lproj/LaunchScreen.storyboard; sourceTree = "<group>"; };
		74994E77287EE46D00D2F157 /* Info.plist */ = {isa = PBXFileReference; lastKnownFileType = text.plist.xml; path = Info.plist; sourceTree = "<group>"; };
/* End PBXFileReference section */

/* Begin PBXFrameworksBuildPhase section */
		74994E63287EE46C00D2F157 /* Frameworks */ = {
			isa = PBXFrameworksBuildPhase;
			buildActionMask = 2147483647;
			files = (
			);
			runOnlyForDeploymentPostprocessing = 0;
		};
/* End PBXFrameworksBuildPhase section */

/* Begin PBXGroup section */
		74994E5D287EE46C00D2F157 = {
			isa = PBXGroup;
			children = (
				74994E68287EE46C00D2F157 /* TryAnimation */,
				74994E67287EE46C00D2F157 /* Products */,
			);
			sourceTree = "<group>";
		};
		74994E67287EE46C00D2F157 /* Products */ = {
			isa = PBXGroup;
			children = (
				74994E66287EE46C00D2F157 /* TryAnimation.app */,
			);
			name = Products;
			sourceTree = "<group>";
		};
		74994E68287EE46C00D2F157 /* TryAnimation */ = {
			isa = PBXGroup;
			children = (
				74994E69287EE46C00D2F157 /* AppDelegate.swift */,
				74994E6B287EE46C00D2F157 /* SceneDelegate.swift */,
				74994E6D287EE46C00D2F157 /* ViewController.swift */,
				747D49AD287FFDDC00C76253 /* ImageViewController.swift */,
				747D49AB287FFA1C00C76253 /* TextCell.swift */,
				747D49B12880489600C76253 /* TransitioningAnimator.swift */,
				74994E6F287EE46C00D2F157 /* Main.storyboard */,
				74994E72287EE46D00D2F157 /* Assets.xcassets */,
				74994E74287EE46D00D2F157 /* LaunchScreen.storyboard */,
				74994E77287EE46D00D2F157 /* Info.plist */,
			);
			path = TryAnimation;
			sourceTree = "<group>";
		};
/* End PBXGroup section */

/* Begin PBXNativeTarget section */
		74994E65287EE46C00D2F157 /* TryAnimation */ = {
			isa = PBXNativeTarget;
			buildConfigurationList = 74994E7A287EE46D00D2F157 /* Build configuration list for PBXNativeTarget "TryAnimation" */;
			buildPhases = (
				74994E62287EE46C00D2F157 /* Sources */,
				74994E63287EE46C00D2F157 /* Frameworks */,
				74994E64287EE46C00D2F157 /* Resources */,
			);
			buildRules = (
			);
			dependencies = (
			);
			name = TryAnimation;
			productName = TryAnimation;
			productReference = 74994E66287EE46C00D2F157 /* TryAnimation.app */;
			productType = "com.apple.product-type.application";
		};
/* End PBXNativeTarget section */

/* Begin PBXProject section */
		74994E5E287EE46C00D2F157 /* Project object */ = {
			isa = PBXProject;
			attributes = {
				BuildIndependentTargetsInParallel = 1;
				LastSwiftUpdateCheck = 1340;
				LastUpgradeCheck = 1340;
				TargetAttributes = {
					74994E65287EE46C00D2F157 = {
						CreatedOnToolsVersion = 13.4.1;
					};
				};
			};
			buildConfigurationList = 74994E61287EE46C00D2F157 /* Build configuration list for PBXProject "TryAnimation" */;
			compatibilityVersion = "Xcode 13.0";
			developmentRegion = en;
			hasScannedForEncodings = 0;
			knownRegions = (
				en,
				Base,
			);
			mainGroup = 74994E5D287EE46C00D2F157;
			productRefGroup = 74994E67287EE46C00D2F157 /* Products */;
			projectDirPath = "";
			projectRoot = "";
			targets = (
				74994E65287EE46C00D2F157 /* TryAnimation */,
			);
		};
/* End PBXProject section */

/* Begin PBXResourcesBuildPhase section */
		74994E64287EE46C00D2F157 /* Resources */ = {
			isa = PBXResourcesBuildPhase;
			buildActionMask = 2147483647;
			files = (
				74994E76287EE46D00D2F157 /* LaunchScreen.storyboard in Resources */,
				74994E73287EE46D00D2F157 /* Assets.xcassets in Resources */,
				74994E71287EE46C00D2F157 /* Main.storyboard in Resources */,
			);
			runOnlyForDeploymentPostprocessing = 0;
		};
/* End PBXResourcesBuildPhase section */

/* Begin PBXSourcesBuildPhase section */
		74994E62287EE46C00D2F157 /* Sources */ = {
			isa = PBXSourcesBuildPhase;
			buildActionMask = 2147483647;
			files = (
				74994E6E287EE46C00D2F157 /* ViewController.swift in Sources */,
				74994E6A287EE46C00D2F157 /* AppDelegate.swift in Sources */,
				747D49AE287FFDDC00C76253 /* ImageViewController.swift in Sources */,
				747D49B22880489600C76253 /* TransitioningAnimator.swift in Sources */,
				747D49AC287FFA1C00C76253 /* TextCell.swift in Sources */,
				74994E6C287EE46C00D2F157 /* SceneDelegate.swift in Sources */,
			);
			runOnlyForDeploymentPostprocessing = 0;
		};
/* End PBXSourcesBuildPhase section */

/* Begin PBXVariantGroup section */
		74994E6F287EE46C00D2F157 /* Main.storyboard */ = {
			isa = PBXVariantGroup;
			children = (
				74994E70287EE46C00D2F157 /* Base */,
			);
			name = Main.storyboard;
			sourceTree = "<group>";
		};
		74994E74287EE46D00D2F157 /* LaunchScreen.storyboard */ = {
			isa = PBXVariantGroup;
			children = (
				74994E75287EE46D00D2F157 /* Base */,
			);
			name = LaunchScreen.storyboard;
			sourceTree = "<group>";
		};
/* End PBXVariantGroup section */

/* Begin XCBuildConfiguration section */
		74994E78287EE46D00D2F157 /* Debug */ = {
			isa = XCBuildConfiguration;
			buildSettings = {
				ALWAYS_SEARCH_USER_PATHS = NO;
				CLANG_ANALYZER_NONNULL = YES;
				CLANG_ANALYZER_NUMBER_OBJECT_CONVERSION = YES_AGGRESSIVE;
				CLANG_CXX_LANGUAGE_STANDARD = "gnu++17";
				CLANG_ENABLE_MODULES = YES;
				CLANG_ENABLE_OBJC_ARC = YES;
				CLANG_ENABLE_OBJC_WEAK = YES;
				CLANG_WARN_BLOCK_CAPTURE_AUTORELEASING = YES;
				CLANG_WARN_BOOL_CONVERSION = YES;
				CLANG_WARN_COMMA = YES;
				CLANG_WARN_CONSTANT_CONVERSION = YES;
				CLANG_WARN_DEPRECATED_OBJC_IMPLEMENTATIONS = YES;
				CLANG_WARN_DIRECT_OBJC_ISA_USAGE = YES_ERROR;
				CLANG_WARN_DOCUMENTATION_COMMENTS = YES;
				CLANG_WARN_EMPTY_BODY = YES;
				CLANG_WARN_ENUM_CONVERSION = YES;
				CLANG_WARN_INFINITE_RECURSION = YES;
				CLANG_WARN_INT_CONVERSION = YES;
				CLANG_WARN_NON_LITERAL_NULL_CONVERSION = YES;
				CLANG_WARN_OBJC_IMPLICIT_RETAIN_SELF = YES;
				CLANG_WARN_OBJC_LITERAL_CONVERSION = YES;
				CLANG_WARN_OBJC_ROOT_CLASS = YES_ERROR;
				CLANG_WARN_QUOTED_INCLUDE_IN_FRAMEWORK_HEADER = YES;
				CLANG_WARN_RANGE_LOOP_ANALYSIS = YES;
				CLANG_WARN_STRICT_PROTOTYPES = YES;
				CLANG_WARN_SUSPICIOUS_MOVE = YES;
				CLANG_WARN_UNGUARDED_AVAILABILITY = YES_AGGRESSIVE;
				CLANG_WARN_UNREACHABLE_CODE = YES;
				CLANG_WARN__DUPLICATE_METHOD_MATCH = YES;
				COPY_PHASE_STRIP = NO;
				DEBUG_INFORMATION_FORMAT = dwarf;
				ENABLE_STRICT_OBJC_MSGSEND = YES;
				ENABLE_TESTABILITY = YES;
				GCC_C_LANGUAGE_STANDARD = gnu11;
				GCC_DYNAMIC_NO_PIC = NO;
				GCC_NO_COMMON_BLOCKS = YES;
				GCC_OPTIMIZATION_LEVEL = 0;
				GCC_PREPROCESSOR_DEFINITIONS = (
					"DEBUG=1",
					"$(inherited)",
				);
				GCC_WARN_64_TO_32_BIT_CONVERSION = YES;
				GCC_WARN_ABOUT_RETURN_TYPE = YES_ERROR;
				GCC_WARN_UNDECLARED_SELECTOR = YES;
				GCC_WARN_UNINITIALIZED_AUTOS = YES_AGGRESSIVE;
				GCC_WARN_UNUSED_FUNCTION = YES;
				GCC_WARN_UNUSED_VARIABLE = YES;
				IPHONEOS_DEPLOYMENT_TARGET = 15.5;
				MTL_ENABLE_DEBUG_INFO = INCLUDE_SOURCE;
				MTL_FAST_MATH = YES;
				ONLY_ACTIVE_ARCH = YES;
				SDKROOT = iphoneos;
				SWIFT_ACTIVE_COMPILATION_CONDITIONS = DEBUG;
				SWIFT_OPTIMIZATION_LEVEL = "-Onone";
			};
			name = Debug;
		};
		74994E79287EE46D00D2F157 /* Release */ = {
			isa = XCBuildConfiguration;
			buildSettings = {
				ALWAYS_SEARCH_USER_PATHS = NO;
				CLANG_ANALYZER_NONNULL = YES;
				CLANG_ANALYZER_NUMBER_OBJECT_CONVERSION = YES_AGGRESSIVE;
				CLANG_CXX_LANGUAGE_STANDARD = "gnu++17";
				CLANG_ENABLE_MODULES = YES;
				CLANG_ENABLE_OBJC_ARC = YES;
				CLANG_ENABLE_OBJC_WEAK = YES;
				CLANG_WARN_BLOCK_CAPTURE_AUTORELEASING = YES;
				CLANG_WARN_BOOL_CONVERSION = YES;
				CLANG_WARN_COMMA = YES;
				CLANG_WARN_CONSTANT_CONVERSION = YES;
				CLANG_WARN_DEPRECATED_OBJC_IMPLEMENTATIONS = YES;
				CLANG_WARN_DIRECT_OBJC_ISA_USAGE = YES_ERROR;
				CLANG_WARN_DOCUMENTATION_COMMENTS = YES;
				CLANG_WARN_EMPTY_BODY = YES;
				CLANG_WARN_ENUM_CONVERSION = YES;
				CLANG_WARN_INFINITE_RECURSION = YES;
				CLANG_WARN_INT_CONVERSION = YES;
				CLANG_WARN_NON_LITERAL_NULL_CONVERSION = YES;
				CLANG_WARN_OBJC_IMPLICIT_RETAIN_SELF = YES;
				CLANG_WARN_OBJC_LITERAL_CONVERSION = YES;
				CLANG_WARN_OBJC_ROOT_CLASS = YES_ERROR;
				CLANG_WARN_QUOTED_INCLUDE_IN_FRAMEWORK_HEADER = YES;
				CLANG_WARN_RANGE_LOOP_ANALYSIS = YES;
				CLANG_WARN_STRICT_PROTOTYPES = YES;
				CLANG_WARN_SUSPICIOUS_MOVE = YES;
				CLANG_WARN_UNGUARDED_AVAILABILITY = YES_AGGRESSIVE;
				CLANG_WARN_UNREACHABLE_CODE = YES;
				CLANG_WARN__DUPLICATE_METHOD_MATCH = YES;
				COPY_PHASE_STRIP = NO;
				DEBUG_INFORMATION_FORMAT = "dwarf-with-dsym";
				ENABLE_NS_ASSERTIONS = NO;
				ENABLE_STRICT_OBJC_MSGSEND = YES;
				GCC_C_LANGUAGE_STANDARD = gnu11;
				GCC_NO_COMMON_BLOCKS = YES;
				GCC_WARN_64_TO_32_BIT_CONVERSION = YES;
				GCC_WARN_ABOUT_RETURN_TYPE = YES_ERROR;
				GCC_WARN_UNDECLARED_SELECTOR = YES;
				GCC_WARN_UNINITIALIZED_AUTOS = YES_AGGRESSIVE;
				GCC_WARN_UNUSED_FUNCTION = YES;
				GCC_WARN_UNUSED_VARIABLE = YES;
				IPHONEOS_DEPLOYMENT_TARGET = 15.5;
				MTL_ENABLE_DEBUG_INFO = NO;
				MTL_FAST_MATH = YES;
				SDKROOT = iphoneos;
				SWIFT_COMPILATION_MODE = wholemodule;
				SWIFT_OPTIMIZATION_LEVEL = "-O";
				VALIDATE_PRODUCT = YES;
			};
			name = Release;
		};
		74994E7B287EE46D00D2F157 /* Debug */ = {
			isa = XCBuildConfiguration;
			buildSettings = {
				ASSETCATALOG_COMPILER_APPICON_NAME = AppIcon;
				ASSETCATALOG_COMPILER_GLOBAL_ACCENT_COLOR_NAME = AccentColor;
				CODE_SIGN_STYLE = Automatic;
				CURRENT_PROJECT_VERSION = 1;
				DEVELOPMENT_TEAM = RR5X7M3F4P;
				GENERATE_INFOPLIST_FILE = YES;
				INFOPLIST_FILE = TryAnimation/Info.plist;
				INFOPLIST_KEY_UIApplicationSupportsIndirectInputEvents = YES;
				INFOPLIST_KEY_UILaunchStoryboardName = LaunchScreen;
				INFOPLIST_KEY_UIMainStoryboardFile = Main;
				INFOPLIST_KEY_UISupportedInterfaceOrientations_iPad = "UIInterfaceOrientationPortrait UIInterfaceOrientationPortraitUpsideDown UIInterfaceOrientationLandscapeLeft UIInterfaceOrientationLandscapeRight";
				INFOPLIST_KEY_UISupportedInterfaceOrientations_iPhone = "UIInterfaceOrientationPortrait UIInterfaceOrientationLandscapeLeft UIInterfaceOrientationLandscapeRight";
				LD_RUNPATH_SEARCH_PATHS = (
					"$(inherited)",
					"@executable_path/Frameworks",
				);
				MARKETING_VERSION = 1.0;
				PRODUCT_BUNDLE_IDENTIFIER = eu.airmark.TryAnimation;
				PRODUCT_NAME = "$(TARGET_NAME)";
				SWIFT_EMIT_LOC_STRINGS = YES;
				SWIFT_VERSION = 5.0;
				TARGETED_DEVICE_FAMILY = "1,2";
			};
			name = Debug;
		};
		74994E7C287EE46D00D2F157 /* Release */ = {
			isa = XCBuildConfiguration;
			buildSettings = {
				ASSETCATALOG_COMPILER_APPICON_NAME = AppIcon;
				ASSETCATALOG_COMPILER_GLOBAL_ACCENT_COLOR_NAME = AccentColor;
				CODE_SIGN_STYLE = Automatic;
				CURRENT_PROJECT_VERSION = 1;
				DEVELOPMENT_TEAM = RR5X7M3F4P;
				GENERATE_INFOPLIST_FILE = YES;
				INFOPLIST_FILE = TryAnimation/Info.plist;
				INFOPLIST_KEY_UIApplicationSupportsIndirectInputEvents = YES;
				INFOPLIST_KEY_UILaunchStoryboardName = LaunchScreen;
				INFOPLIST_KEY_UIMainStoryboardFile = Main;
				INFOPLIST_KEY_UISupportedInterfaceOrientations_iPad = "UIInterfaceOrientationPortrait UIInterfaceOrientationPortraitUpsideDown UIInterfaceOrientationLandscapeLeft UIInterfaceOrientationLandscapeRight";
				INFOPLIST_KEY_UISupportedInterfaceOrientations_iPhone = "UIInterfaceOrientationPortrait UIInterfaceOrientationLandscapeLeft UIInterfaceOrientationLandscapeRight";
				LD_RUNPATH_SEARCH_PATHS = (
					"$(inherited)",
					"@executable_path/Frameworks",
				);
				MARKETING_VERSION = 1.0;
				PRODUCT_BUNDLE_IDENTIFIER = eu.airmark.TryAnimation;
				PRODUCT_NAME = "$(TARGET_NAME)";
				SWIFT_EMIT_LOC_STRINGS = YES;
				SWIFT_VERSION = 5.0;
				TARGETED_DEVICE_FAMILY = "1,2";
			};
			name = Release;
		};
/* End XCBuildConfiguration section */

/* Begin XCConfigurationList section */
		74994E61287EE46C00D2F157 /* Build configuration list for PBXProject "TryAnimation" */ = {
			isa = XCConfigurationList;
			buildConfigurations = (
				74994E78287EE46D00D2F157 /* Debug */,
				74994E79287EE46D00D2F157 /* Release */,
			);
			defaultConfigurationIsVisible = 0;
			defaultConfigurationName = Release;
		};
		74994E7A287EE46D00D2F157 /* Build configuration list for PBXNativeTarget "TryAnimation" */ = {
			isa = XCConfigurationList;
			buildConfigurations = (
				74994E7B287EE46D00D2F157 /* Debug */,
				74994E7C287EE46D00D2F157 /* Release */,
			);
			defaultConfigurationIsVisible = 0;
			defaultConfigurationName = Release;
		};
/* End XCConfigurationList section */
	};
	rootObject = 74994E5E287EE46C00D2F157 /* Project object */;
}
